// !$*UTF8*$!
{
	archiveVersion = 1;
	classes = {
	};
	objectVersion = 56;
	objects = {

/* Begin PBXBuildFile section */
		CF09FD2E2B4CBDE500ECFFCC /* ArticleData.swift in Sources */ = {isa = PBXBuildFile; fileRef = CF09FD2D2B4CBDE500ECFFCC /* ArticleData.swift */; };
		CF09FD302B4CCF7400ECFFCC /* Constants.swift in Sources */ = {isa = PBXBuildFile; fileRef = CF09FD2F2B4CCF7400ECFFCC /* Constants.swift */; };
		CF115EEC2B47895C00C93824 /* ArticlesViewModel.swift in Sources */ = {isa = PBXBuildFile; fileRef = CF115EEB2B47895C00C93824 /* ArticlesViewModel.swift */; };
		CF32C7092B51CBE6005A4941 /* HomeView.swift in Sources */ = {isa = PBXBuildFile; fileRef = CF32C7082B51CBE6005A4941 /* HomeView.swift */; };
		CF32C70B2B5228AA005A4941 /* PlantView.swift in Sources */ = {isa = PBXBuildFile; fileRef = CF32C70A2B5228AA005A4941 /* PlantView.swift */; };
		CF3CFDBA2B46272C00EE5BFF /* ArticlesView.swift in Sources */ = {isa = PBXBuildFile; fileRef = CF3CFDB92B46272C00EE5BFF /* ArticlesView.swift */; };
		CF3CFDBC2B46277C00EE5BFF /* ArticleView.swift in Sources */ = {isa = PBXBuildFile; fileRef = CF3CFDBB2B46277C00EE5BFF /* ArticleView.swift */; };
		CF8CA5A42B4A0A5A00C5862D /* NetworkManager.swift in Sources */ = {isa = PBXBuildFile; fileRef = CF8CA5A32B4A0A5A00C5862D /* NetworkManager.swift */; };
		CF8CA5A62B4A2F4200C5862D /* MockNetworkingManagerImpl.swift in Sources */ = {isa = PBXBuildFile; fileRef = CF8CA5A52B4A2F4200C5862D /* MockNetworkingManagerImpl.swift */; };
		CF8CA5AB2B4A3B0700C5862D /* ArticleDataService.swift in Sources */ = {isa = PBXBuildFile; fileRef = CF8CA5AA2B4A3B0700C5862D /* ArticleDataService.swift */; };
		CF8CA5AD2B4A574500C5862D /* MockArticleDataServiceImpl.swift in Sources */ = {isa = PBXBuildFile; fileRef = CF8CA5AC2B4A574500C5862D /* MockArticleDataServiceImpl.swift */; };
		CFA49B462B44A471008ABF65 /* LetsGrowApp.swift in Sources */ = {isa = PBXBuildFile; fileRef = CFA49B452B44A471008ABF65 /* LetsGrowApp.swift */; };
		CFA49B482B44A471008ABF65 /* ContentView.swift in Sources */ = {isa = PBXBuildFile; fileRef = CFA49B472B44A471008ABF65 /* ContentView.swift */; };
		CFA49B4A2B44A474008ABF65 /* Assets.xcassets in Resources */ = {isa = PBXBuildFile; fileRef = CFA49B492B44A474008ABF65 /* Assets.xcassets */; };
		CFA49B4D2B44A474008ABF65 /* Preview Assets.xcassets in Resources */ = {isa = PBXBuildFile; fileRef = CFA49B4C2B44A474008ABF65 /* Preview Assets.xcassets */; };
		CFA923112B4DF67900BC6211 /* ArticleRowView.swift in Sources */ = {isa = PBXBuildFile; fileRef = CFA923102B4DF67900BC6211 /* ArticleRowView.swift */; };
/* End PBXBuildFile section */

/* Begin PBXFileReference section */
		CF09FD2D2B4CBDE500ECFFCC /* ArticleData.swift */ = {isa = PBXFileReference; lastKnownFileType = sourcecode.swift; path = ArticleData.swift; sourceTree = "<group>"; };
		CF09FD2F2B4CCF7400ECFFCC /* Constants.swift */ = {isa = PBXFileReference; lastKnownFileType = sourcecode.swift; path = Constants.swift; sourceTree = "<group>"; };
		CF115EEB2B47895C00C93824 /* ArticlesViewModel.swift */ = {isa = PBXFileReference; lastKnownFileType = sourcecode.swift; path = ArticlesViewModel.swift; sourceTree = "<group>"; };
		CF32C7082B51CBE6005A4941 /* HomeView.swift */ = {isa = PBXFileReference; lastKnownFileType = sourcecode.swift; path = HomeView.swift; sourceTree = "<group>"; };
		CF32C70A2B5228AA005A4941 /* PlantView.swift */ = {isa = PBXFileReference; lastKnownFileType = sourcecode.swift; path = PlantView.swift; sourceTree = "<group>"; };
		CF3CFDB92B46272C00EE5BFF /* ArticlesView.swift */ = {isa = PBXFileReference; lastKnownFileType = sourcecode.swift; path = ArticlesView.swift; sourceTree = "<group>"; };
		CF3CFDBB2B46277C00EE5BFF /* ArticleView.swift */ = {isa = PBXFileReference; lastKnownFileType = sourcecode.swift; path = ArticleView.swift; sourceTree = "<group>"; };
		CF8CA5A32B4A0A5A00C5862D /* NetworkManager.swift */ = {isa = PBXFileReference; lastKnownFileType = sourcecode.swift; path = NetworkManager.swift; sourceTree = "<group>"; };
		CF8CA5A52B4A2F4200C5862D /* MockNetworkingManagerImpl.swift */ = {isa = PBXFileReference; lastKnownFileType = sourcecode.swift; path = MockNetworkingManagerImpl.swift; sourceTree = "<group>"; };
		CF8CA5AA2B4A3B0700C5862D /* ArticleDataService.swift */ = {isa = PBXFileReference; lastKnownFileType = sourcecode.swift; path = ArticleDataService.swift; sourceTree = "<group>"; };
		CF8CA5AC2B4A574500C5862D /* MockArticleDataServiceImpl.swift */ = {isa = PBXFileReference; lastKnownFileType = sourcecode.swift; path = MockArticleDataServiceImpl.swift; sourceTree = "<group>"; };
		CFA49B422B44A471008ABF65 /* LetsGrow.app */ = {isa = PBXFileReference; explicitFileType = wrapper.application; includeInIndex = 0; path = LetsGrow.app; sourceTree = BUILT_PRODUCTS_DIR; };
		CFA49B452B44A471008ABF65 /* LetsGrowApp.swift */ = {isa = PBXFileReference; lastKnownFileType = sourcecode.swift; path = LetsGrowApp.swift; sourceTree = "<group>"; };
		CFA49B472B44A471008ABF65 /* ContentView.swift */ = {isa = PBXFileReference; lastKnownFileType = sourcecode.swift; path = ContentView.swift; sourceTree = "<group>"; };
		CFA49B492B44A474008ABF65 /* Assets.xcassets */ = {isa = PBXFileReference; lastKnownFileType = folder.assetcatalog; path = Assets.xcassets; sourceTree = "<group>"; };
		CFA49B4C2B44A474008ABF65 /* Preview Assets.xcassets */ = {isa = PBXFileReference; lastKnownFileType = folder.assetcatalog; path = "Preview Assets.xcassets"; sourceTree = "<group>"; };
		CFA923102B4DF67900BC6211 /* ArticleRowView.swift */ = {isa = PBXFileReference; lastKnownFileType = sourcecode.swift; path = ArticleRowView.swift; sourceTree = "<group>"; };
/* End PBXFileReference section */

/* Begin PBXFrameworksBuildPhase section */
		CFA49B3F2B44A471008ABF65 /* Frameworks */ = {
			isa = PBXFrameworksBuildPhase;
			buildActionMask = 2147483647;
			files = (
			);
			runOnlyForDeploymentPostprocessing = 0;
		};
/* End PBXFrameworksBuildPhase section */

/* Begin PBXGroup section */
		CF09FD312B4CD09A00ECFFCC /* Extensions */ = {
			isa = PBXGroup;
			children = (
				CF09FD2F2B4CCF7400ECFFCC /* Constants.swift */,
			);
			path = Extensions;
			sourceTree = "<group>";
		};
		CF3CFDB52B4624A600EE5BFF /* NetworkManagers */ = {
			isa = PBXGroup;
			children = (
				CF8CA5A32B4A0A5A00C5862D /* NetworkManager.swift */,
				CF8CA5A52B4A2F4200C5862D /* MockNetworkingManagerImpl.swift */,
			);
			path = NetworkManagers;
			sourceTree = "<group>";
		};
		CF3CFDB62B4624F900EE5BFF /* Views */ = {
			isa = PBXGroup;
			children = (
				CFA49B472B44A471008ABF65 /* ContentView.swift */,
				CF3CFDB92B46272C00EE5BFF /* ArticlesView.swift */,
				CF3CFDBB2B46277C00EE5BFF /* ArticleView.swift */,
				CFA923102B4DF67900BC6211 /* ArticleRowView.swift */,
				CF32C7082B51CBE6005A4941 /* HomeView.swift */,
				CF32C70A2B5228AA005A4941 /* PlantView.swift */,
			);
			path = Views;
			sourceTree = "<group>";
		};
		CF3CFDB82B46256A00EE5BFF /* ViewModels */ = {
			isa = PBXGroup;
			children = (
				CF115EEB2B47895C00C93824 /* ArticlesViewModel.swift */,
			);
			path = ViewModels;
			sourceTree = "<group>";
		};
		CF8CA5A72B4A3A4E00C5862D /* Services */ = {
			isa = PBXGroup;
			children = (
				CF8CA5AA2B4A3B0700C5862D /* ArticleDataService.swift */,
				CF8CA5AC2B4A574500C5862D /* MockArticleDataServiceImpl.swift */,
			);
			path = Services;
			sourceTree = "<group>";
		};
		CFA49B392B44A471008ABF65 = {
			isa = PBXGroup;
			children = (
				CF3CFDB52B4624A600EE5BFF /* NetworkManagers */,
				CF8CA5A72B4A3A4E00C5862D /* Services */,
				CFB315BD2B46641100798300 /* Models */,
				CF3CFDB82B46256A00EE5BFF /* ViewModels */,
				CF3CFDB62B4624F900EE5BFF /* Views */,
				CF09FD312B4CD09A00ECFFCC /* Extensions */,
				CFA49B442B44A471008ABF65 /* LetsGrow */,
				CFA49B432B44A471008ABF65 /* Products */,
			);
			sourceTree = "<group>";
		};
		CFA49B432B44A471008ABF65 /* Products */ = {
			isa = PBXGroup;
			children = (
				CFA49B422B44A471008ABF65 /* LetsGrow.app */,
			);
			name = Products;
			sourceTree = "<group>";
		};
		CFA49B442B44A471008ABF65 /* LetsGrow */ = {
			isa = PBXGroup;
			children = (
				CFA49B452B44A471008ABF65 /* LetsGrowApp.swift */,
				CFA49B492B44A474008ABF65 /* Assets.xcassets */,
				CFA49B4B2B44A474008ABF65 /* Preview Content */,
			);
			path = LetsGrow;
			sourceTree = "<group>";
		};
		CFA49B4B2B44A474008ABF65 /* Preview Content */ = {
			isa = PBXGroup;
			children = (
				CFA49B4C2B44A474008ABF65 /* Preview Assets.xcassets */,
			);
			path = "Preview Content";
			sourceTree = "<group>";
		};
		CFB315BD2B46641100798300 /* Models */ = {
			isa = PBXGroup;
			children = (
				CF09FD2D2B4CBDE500ECFFCC /* ArticleData.swift */,
			);
			path = Models;
			sourceTree = "<group>";
		};
/* End PBXGroup section */

/* Begin PBXNativeTarget section */
		CFA49B412B44A471008ABF65 /* LetsGrow */ = {
			isa = PBXNativeTarget;
			buildConfigurationList = CFA49B502B44A474008ABF65 /* Build configuration list for PBXNativeTarget "LetsGrow" */;
			buildPhases = (
				CFA49B3E2B44A471008ABF65 /* Sources */,
				CFA49B3F2B44A471008ABF65 /* Frameworks */,
				CFA49B402B44A471008ABF65 /* Resources */,
			);
			buildRules = (
			);
			dependencies = (
			);
			name = LetsGrow;
			productName = LetsGrow;
			productReference = CFA49B422B44A471008ABF65 /* LetsGrow.app */;
			productType = "com.apple.product-type.application";
		};
/* End PBXNativeTarget section */

/* Begin PBXProject section */
		CFA49B3A2B44A471008ABF65 /* Project object */ = {
			isa = PBXProject;
			attributes = {
				BuildIndependentTargetsInParallel = 1;
				LastSwiftUpdateCheck = 1510;
				LastUpgradeCheck = 1510;
				TargetAttributes = {
					CFA49B412B44A471008ABF65 = {
						CreatedOnToolsVersion = 15.1;
					};
				};
			};
			buildConfigurationList = CFA49B3D2B44A471008ABF65 /* Build configuration list for PBXProject "LetsGrow" */;
			compatibilityVersion = "Xcode 14.0";
			developmentRegion = en;
			hasScannedForEncodings = 0;
			knownRegions = (
				en,
				Base,
			);
			mainGroup = CFA49B392B44A471008ABF65;
			productRefGroup = CFA49B432B44A471008ABF65 /* Products */;
			projectDirPath = "";
			projectRoot = "";
			targets = (
				CFA49B412B44A471008ABF65 /* LetsGrow */,
			);
		};
/* End PBXProject section */

/* Begin PBXResourcesBuildPhase section */
		CFA49B402B44A471008ABF65 /* Resources */ = {
			isa = PBXResourcesBuildPhase;
			buildActionMask = 2147483647;
			files = (
				CFA49B4D2B44A474008ABF65 /* Preview Assets.xcassets in Resources */,
				CFA49B4A2B44A474008ABF65 /* Assets.xcassets in Resources */,
			);
			runOnlyForDeploymentPostprocessing = 0;
		};
/* End PBXResourcesBuildPhase section */

/* Begin PBXSourcesBuildPhase section */
		CFA49B3E2B44A471008ABF65 /* Sources */ = {
			isa = PBXSourcesBuildPhase;
			buildActionMask = 2147483647;
			files = (
				CF8CA5A62B4A2F4200C5862D /* MockNetworkingManagerImpl.swift in Sources */,
				CF09FD302B4CCF7400ECFFCC /* Constants.swift in Sources */,
				CF32C70B2B5228AA005A4941 /* PlantView.swift in Sources */,
				CF32C7092B51CBE6005A4941 /* HomeView.swift in Sources */,
				CFA49B482B44A471008ABF65 /* ContentView.swift in Sources */,
				CF3CFDBA2B46272C00EE5BFF /* ArticlesView.swift in Sources */,
				CF8CA5A42B4A0A5A00C5862D /* NetworkManager.swift in Sources */,
				CF8CA5AB2B4A3B0700C5862D /* ArticleDataService.swift in Sources */,
				CFA49B462B44A471008ABF65 /* LetsGrowApp.swift in Sources */,
				CF3CFDBC2B46277C00EE5BFF /* ArticleView.swift in Sources */,
				CF115EEC2B47895C00C93824 /* ArticlesViewModel.swift in Sources */,
				CF09FD2E2B4CBDE500ECFFCC /* ArticleData.swift in Sources */,
				CFA923112B4DF67900BC6211 /* ArticleRowView.swift in Sources */,
				CF8CA5AD2B4A574500C5862D /* MockArticleDataServiceImpl.swift in Sources */,
			);
			runOnlyForDeploymentPostprocessing = 0;
		};
/* End PBXSourcesBuildPhase section */

/* Begin XCBuildConfiguration section */
		CFA49B4E2B44A474008ABF65 /* Debug */ = {
			isa = XCBuildConfiguration;
			buildSettings = {
				ALWAYS_SEARCH_USER_PATHS = NO;
				ASSETCATALOG_COMPILER_GENERATE_SWIFT_ASSET_SYMBOL_EXTENSIONS = YES;
				CLANG_ANALYZER_NONNULL = YES;
				CLANG_ANALYZER_NUMBER_OBJECT_CONVERSION = YES_AGGRESSIVE;
				CLANG_CXX_LANGUAGE_STANDARD = "gnu++20";
				CLANG_ENABLE_MODULES = YES;
				CLANG_ENABLE_OBJC_ARC = YES;
				CLANG_ENABLE_OBJC_WEAK = YES;
				CLANG_WARN_BLOCK_CAPTURE_AUTORELEASING = YES;
				CLANG_WARN_BOOL_CONVERSION = YES;
				CLANG_WARN_COMMA = YES;
				CLANG_WARN_CONSTANT_CONVERSION = YES;
				CLANG_WARN_DEPRECATED_OBJC_IMPLEMENTATIONS = YES;
				CLANG_WARN_DIRECT_OBJC_ISA_USAGE = YES_ERROR;
				CLANG_WARN_DOCUMENTATION_COMMENTS = YES;
				CLANG_WARN_EMPTY_BODY = YES;
				CLANG_WARN_ENUM_CONVERSION = YES;
				CLANG_WARN_INFINITE_RECURSION = YES;
				CLANG_WARN_INT_CONVERSION = YES;
				CLANG_WARN_NON_LITERAL_NULL_CONVERSION = YES;
				CLANG_WARN_OBJC_IMPLICIT_RETAIN_SELF = YES;
				CLANG_WARN_OBJC_LITERAL_CONVERSION = YES;
				CLANG_WARN_OBJC_ROOT_CLASS = YES_ERROR;
				CLANG_WARN_QUOTED_INCLUDE_IN_FRAMEWORK_HEADER = YES;
				CLANG_WARN_RANGE_LOOP_ANALYSIS = YES;
				CLANG_WARN_STRICT_PROTOTYPES = YES;
				CLANG_WARN_SUSPICIOUS_MOVE = YES;
				CLANG_WARN_UNGUARDED_AVAILABILITY = YES_AGGRESSIVE;
				CLANG_WARN_UNREACHABLE_CODE = YES;
				CLANG_WARN__DUPLICATE_METHOD_MATCH = YES;
				COPY_PHASE_STRIP = NO;
				DEBUG_INFORMATION_FORMAT = dwarf;
				ENABLE_STRICT_OBJC_MSGSEND = YES;
				ENABLE_TESTABILITY = YES;
				ENABLE_USER_SCRIPT_SANDBOXING = YES;
				GCC_C_LANGUAGE_STANDARD = gnu17;
				GCC_DYNAMIC_NO_PIC = NO;
				GCC_NO_COMMON_BLOCKS = YES;
				GCC_OPTIMIZATION_LEVEL = 0;
				GCC_PREPROCESSOR_DEFINITIONS = (
					"DEBUG=1",
					"$(inherited)",
				);
				GCC_WARN_64_TO_32_BIT_CONVERSION = YES;
				GCC_WARN_ABOUT_RETURN_TYPE = YES_ERROR;
				GCC_WARN_UNDECLARED_SELECTOR = YES;
				GCC_WARN_UNINITIALIZED_AUTOS = YES_AGGRESSIVE;
				GCC_WARN_UNUSED_FUNCTION = YES;
				GCC_WARN_UNUSED_VARIABLE = YES;
				IPHONEOS_DEPLOYMENT_TARGET = 17.2;
				LOCALIZATION_PREFERS_STRING_CATALOGS = YES;
				MTL_ENABLE_DEBUG_INFO = INCLUDE_SOURCE;
				MTL_FAST_MATH = YES;
				ONLY_ACTIVE_ARCH = YES;
				SDKROOT = iphoneos;
				SWIFT_ACTIVE_COMPILATION_CONDITIONS = "DEBUG $(inherited)";
				SWIFT_OPTIMIZATION_LEVEL = "-Onone";
			};
			name = Debug;
		};
		CFA49B4F2B44A474008ABF65 /* Release */ = {
			isa = XCBuildConfiguration;
			buildSettings = {
				ALWAYS_SEARCH_USER_PATHS = NO;
				ASSETCATALOG_COMPILER_GENERATE_SWIFT_ASSET_SYMBOL_EXTENSIONS = YES;
				CLANG_ANALYZER_NONNULL = YES;
				CLANG_ANALYZER_NUMBER_OBJECT_CONVERSION = YES_AGGRESSIVE;
				CLANG_CXX_LANGUAGE_STANDARD = "gnu++20";
				CLANG_ENABLE_MODULES = YES;
				CLANG_ENABLE_OBJC_ARC = YES;
				CLANG_ENABLE_OBJC_WEAK = YES;
				CLANG_WARN_BLOCK_CAPTURE_AUTORELEASING = YES;
				CLANG_WARN_BOOL_CONVERSION = YES;
				CLANG_WARN_COMMA = YES;
				CLANG_WARN_CONSTANT_CONVERSION = YES;
				CLANG_WARN_DEPRECATED_OBJC_IMPLEMENTATIONS = YES;
				CLANG_WARN_DIRECT_OBJC_ISA_USAGE = YES_ERROR;
				CLANG_WARN_DOCUMENTATION_COMMENTS = YES;
				CLANG_WARN_EMPTY_BODY = YES;
				CLANG_WARN_ENUM_CONVERSION = YES;
				CLANG_WARN_INFINITE_RECURSION = YES;
				CLANG_WARN_INT_CONVERSION = YES;
				CLANG_WARN_NON_LITERAL_NULL_CONVERSION = YES;
				CLANG_WARN_OBJC_IMPLICIT_RETAIN_SELF = YES;
				CLANG_WARN_OBJC_LITERAL_CONVERSION = YES;
				CLANG_WARN_OBJC_ROOT_CLASS = YES_ERROR;
				CLANG_WARN_QUOTED_INCLUDE_IN_FRAMEWORK_HEADER = YES;
				CLANG_WARN_RANGE_LOOP_ANALYSIS = YES;
				CLANG_WARN_STRICT_PROTOTYPES = YES;
				CLANG_WARN_SUSPICIOUS_MOVE = YES;
				CLANG_WARN_UNGUARDED_AVAILABILITY = YES_AGGRESSIVE;
				CLANG_WARN_UNREACHABLE_CODE = YES;
				CLANG_WARN__DUPLICATE_METHOD_MATCH = YES;
				COPY_PHASE_STRIP = NO;
				DEBUG_INFORMATION_FORMAT = "dwarf-with-dsym";
				ENABLE_NS_ASSERTIONS = NO;
				ENABLE_STRICT_OBJC_MSGSEND = YES;
				ENABLE_USER_SCRIPT_SANDBOXING = YES;
				GCC_C_LANGUAGE_STANDARD = gnu17;
				GCC_NO_COMMON_BLOCKS = YES;
				GCC_WARN_64_TO_32_BIT_CONVERSION = YES;
				GCC_WARN_ABOUT_RETURN_TYPE = YES_ERROR;
				GCC_WARN_UNDECLARED_SELECTOR = YES;
				GCC_WARN_UNINITIALIZED_AUTOS = YES_AGGRESSIVE;
				GCC_WARN_UNUSED_FUNCTION = YES;
				GCC_WARN_UNUSED_VARIABLE = YES;
				IPHONEOS_DEPLOYMENT_TARGET = 17.2;
				LOCALIZATION_PREFERS_STRING_CATALOGS = YES;
				MTL_ENABLE_DEBUG_INFO = NO;
				MTL_FAST_MATH = YES;
				SDKROOT = iphoneos;
				SWIFT_COMPILATION_MODE = wholemodule;
				VALIDATE_PRODUCT = YES;
			};
			name = Release;
		};
		CFA49B512B44A474008ABF65 /* Debug */ = {
			isa = XCBuildConfiguration;
			buildSettings = {
				ASSETCATALOG_COMPILER_APPICON_NAME = AppIcon;
				ASSETCATALOG_COMPILER_GLOBAL_ACCENT_COLOR_NAME = AccentColor;
				CODE_SIGN_STYLE = Automatic;
				CURRENT_PROJECT_VERSION = 1;
				DEVELOPMENT_ASSET_PATHS = "\"LetsGrow/Preview Content\"";
				ENABLE_PREVIEWS = YES;
				GENERATE_INFOPLIST_FILE = YES;
				INFOPLIST_KEY_UIApplicationSceneManifest_Generation = YES;
				INFOPLIST_KEY_UIApplicationSupportsIndirectInputEvents = YES;
				INFOPLIST_KEY_UILaunchScreen_Generation = YES;
				INFOPLIST_KEY_UISupportedInterfaceOrientations_iPad = "UIInterfaceOrientationPortrait UIInterfaceOrientationPortraitUpsideDown UIInterfaceOrientationLandscapeLeft UIInterfaceOrientationLandscapeRight";
				INFOPLIST_KEY_UISupportedInterfaceOrientations_iPhone = "UIInterfaceOrientationPortrait UIInterfaceOrientationLandscapeLeft UIInterfaceOrientationLandscapeRight";
				LD_RUNPATH_SEARCH_PATHS = (
					"$(inherited)",
					"@executable_path/Frameworks",
				);
				MARKETING_VERSION = 1.0;
				PRODUCT_BUNDLE_IDENTIFIER = alexbhandari.LetsGrow;
				PRODUCT_NAME = "$(TARGET_NAME)";
				SWIFT_EMIT_LOC_STRINGS = YES;
				SWIFT_VERSION = 5.0;
				TARGETED_DEVICE_FAMILY = "1,2";
			};
			name = Debug;
		};
		CFA49B522B44A474008ABF65 /* Release */ = {
			isa = XCBuildConfiguration;
			buildSettings = {
				ASSETCATALOG_COMPILER_APPICON_NAME = AppIcon;
				ASSETCATALOG_COMPILER_GLOBAL_ACCENT_COLOR_NAME = AccentColor;
				CODE_SIGN_STYLE = Automatic;
				CURRENT_PROJECT_VERSION = 1;
				DEVELOPMENT_ASSET_PATHS = "\"LetsGrow/Preview Content\"";
				ENABLE_PREVIEWS = YES;
				GENERATE_INFOPLIST_FILE = YES;
				INFOPLIST_KEY_UIApplicationSceneManifest_Generation = YES;
				INFOPLIST_KEY_UIApplicationSupportsIndirectInputEvents = YES;
				INFOPLIST_KEY_UILaunchScreen_Generation = YES;
				INFOPLIST_KEY_UISupportedInterfaceOrientations_iPad = "UIInterfaceOrientationPortrait UIInterfaceOrientationPortraitUpsideDown UIInterfaceOrientationLandscapeLeft UIInterfaceOrientationLandscapeRight";
				INFOPLIST_KEY_UISupportedInterfaceOrientations_iPhone = "UIInterfaceOrientationPortrait UIInterfaceOrientationLandscapeLeft UIInterfaceOrientationLandscapeRight";
				LD_RUNPATH_SEARCH_PATHS = (
					"$(inherited)",
					"@executable_path/Frameworks",
				);
				MARKETING_VERSION = 1.0;
				PRODUCT_BUNDLE_IDENTIFIER = alexbhandari.LetsGrow;
				PRODUCT_NAME = "$(TARGET_NAME)";
				SWIFT_EMIT_LOC_STRINGS = YES;
				SWIFT_VERSION = 5.0;
				TARGETED_DEVICE_FAMILY = "1,2";
			};
			name = Release;
		};
/* End XCBuildConfiguration section */

/* Begin XCConfigurationList section */
		CFA49B3D2B44A471008ABF65 /* Build configuration list for PBXProject "LetsGrow" */ = {
			isa = XCConfigurationList;
			buildConfigurations = (
				CFA49B4E2B44A474008ABF65 /* Debug */,
				CFA49B4F2B44A474008ABF65 /* Release */,
			);
			defaultConfigurationIsVisible = 0;
			defaultConfigurationName = Release;
		};
		CFA49B502B44A474008ABF65 /* Build configuration list for PBXNativeTarget "LetsGrow" */ = {
			isa = XCConfigurationList;
			buildConfigurations = (
				CFA49B512B44A474008ABF65 /* Debug */,
				CFA49B522B44A474008ABF65 /* Release */,
			);
			defaultConfigurationIsVisible = 0;
			defaultConfigurationName = Release;
		};
/* End XCConfigurationList section */
	};
	rootObject = CFA49B3A2B44A471008ABF65 /* Project object */;
}
